
Microsoft Visual Studio Solution File, Format Version 12.00
# Visual Studio Version 17
VisualStudioVersion = 17.9.34714.143
MinimumVisualStudioVersion = 10.0.40219.1
Project("{8BC9CEB8-8B4A-11D0-8D11-00A0C91BC942}") = "Arkanoid", "Arkanoid\Arkanoid.vcxproj", "{7C078145-47AF-48B7-AF65-65D08F374FEA}"
EndProject
Global
	GlobalSection(SolutionConfigurationPlatforms) = preSolution
		Debug|x64 = Debug|x64
		Debug|x86 = Debug|x86
		Release|x64 = Release|x64
		Release|x86 = Release|x86
	EndGlobalSection
	GlobalSection(ProjectConfigurationPlatforms) = postSolution
		{7C078145-47AF-48B7-AF65-65D08F374FEA}.Debug|x64.ActiveCfg = Debug|x64
		{7C078145-47AF-48B7-AF65-65D08F374FEA}.Debug|x64.Build.0 = Debug|x64
		{7C078145-47AF-48B7-AF65-65D08F374FEA}.Debug|x86.ActiveCfg = Debug|Win32
		{7C078145-47AF-48B7-AF65-65D08F374FEA}.Debug|x86.Build.0 = Debug|Win32
		{7C078145-47AF-48B7-AF65-65D08F374FEA}.Release|x64.ActiveCfg = Release|x64
		{7C078145-47AF-48B7-AF65-65D08F374FEA}.Release|x64.Build.0 = Release|x64
		{7C078145-47AF-48B7-AF65-65D08F374FEA}.Release|x86.ActiveCfg = Release|Win32
		{7C078145-47AF-48B7-AF65-65D08F374FEA}.Release|x86.Build.0 = Release|Win32
	EndGlobalSection
	GlobalSection(SolutionProperties) = preSolution
		HideSolutionNode = FALSE
	EndGlobalSection
	GlobalSection(ExtensibilityGlobals) = postSolution
		SolutionGuid = {2CDF5CD2-BA58-4E1A-8C52-91AA1A7E19F9}
	EndGlobalSection
EndGlobal
